
Microsoft Visual Studio Solution File, Format Version 12.00
# Visual Studio Version 16
VisualStudioVersion = 16.0.31410.357
MinimumVisualStudioVersion = 10.0.40219.1
Project("{2150E333-8FDC-42A3-9474-1A3956D46DE8}") = "DagAir.IngestionNode", "DagAir.IngestionNode", "{5597FF47-0154-489D-8C49-C09E0B6CDC25}"
EndProject
Project("{2150E333-8FDC-42A3-9474-1A3956D46DE8}") = "Tests", "Tests", "{0D788351-8AE5-45D3-98F5-50D401B662EC}"
EndProject
Project("{2150E333-8FDC-42A3-9474-1A3956D46DE8}") = "DagAir.PolicyNode", "DagAir.PolicyNode", "{13B9CA0C-12C1-4BA0-A4D2-6B98BFC3C8F5}"
EndProject
Project("{2150E333-8FDC-42A3-9474-1A3956D46DE8}") = "DagAir.Components", "DagAir.Components", "{1B55C6DF-DCD8-4A51-93DE-DC3409C03028}"
EndProject
Project("{2150E333-8FDC-42A3-9474-1A3956D46DE8}") = "DagAir.Apis", "DagAir.Apis", "{C0147ACB-106D-4F4B-B423-3217EB4F7C08}"
EndProject
Project("{2150E333-8FDC-42A3-9474-1A3956D46DE8}") = "DagAir.Apis.Sensors", "DagAir.Apis.Sensors", "{E3BE4CF0-C01E-4B38-902B-02EA40F0EBAD}"
EndProject
Project("{2150E333-8FDC-42A3-9474-1A3956D46DE8}") = "DagAir.Apis.Facilities", "DagAir.Apis.Facilities", "{0F9B751E-2703-4D35-8B17-CD5770F73AE2}"
EndProject
Project("{FAE04EC0-301F-11D3-BF4B-00C04F79EFBC}") = "DagAir.Facilities", "DagAir_Facilities\DagAir.Facilities\DagAir.Facilities.csproj", "{F86F0C70-731E-407B-ACAB-79DAAC4BD2BA}"
EndProject
Project("{FAE04EC0-301F-11D3-BF4B-00C04F79EFBC}") = "DagAir.Facilities.Data", "DagAir_Facilities\DagAir.Facilities.Data\DagAir.Facilities.Data.csproj", "{CE8B3D70-2465-4D34-AD2F-D2D1DEC44B59}"
EndProject
Project("{FAE04EC0-301F-11D3-BF4B-00C04F79EFBC}") = "DagAir.Facilities.Data.Migrations", "DagAir_Facilities\DagAir.Facilities.Data.Migrations\DagAir.Facilities.Data.Migrations.csproj", "{7F7EF021-C719-432D-8393-E0CF7C7066B7}"
EndProject
Project("{FAE04EC0-301F-11D3-BF4B-00C04F79EFBC}") = "DagAir.Components.ApiModels", "DagAir_Components\DagAir.Components.ApiModels\DagAir.Components.ApiModels.csproj", "{9DBCB5D5-FF81-49F3-96AD-E544D97112F4}"
EndProject
Project("{FAE04EC0-301F-11D3-BF4B-00C04F79EFBC}") = "DagAir.Components.Healthchecks", "DagAir_Components\DagAir.Components.Healthchecks\DagAir.Components.Healthchecks.csproj", "{0A4634B6-E06B-4758-A46E-F5CACC31A4B8}"
EndProject
Project("{FAE04EC0-301F-11D3-BF4B-00C04F79EFBC}") = "DagAir.Components.HttpClients", "DagAir_Components\DagAir.Components.HttpClients\DagAir.Components.HttpClients.csproj", "{F2F9A403-BEDC-4ACD-82F9-33A087F5E6B2}"
EndProject
Project("{FAE04EC0-301F-11D3-BF4B-00C04F79EFBC}") = "DagAir.Components.Logging", "DagAir_Components\DagAir.Components.Logging\DagAir.Components.Logging.csproj", "{B5DC79B0-BFE5-42C2-A297-913885320C7D}"
EndProject
Project("{FAE04EC0-301F-11D3-BF4B-00C04F79EFBC}") = "DagAir.Components.MassTransit.RabbitMq", "DagAir_Components\DagAir.Components.MassTransit.RabbitMq\DagAir.Components.MassTransit.RabbitMq.csproj", "{8C25AB2D-A183-4831-A5E3-ADB409D424CC}"
EndProject
Project("{FAE04EC0-301F-11D3-BF4B-00C04F79EFBC}") = "DagAir.Sensors", "DagAir_Sensors\DagAir.Sensors\DagAir.Sensors.csproj", "{CFD8D92A-E986-41E6-8395-BC7E3E725BCC}"
EndProject
Project("{FAE04EC0-301F-11D3-BF4B-00C04F79EFBC}") = "DagAir.Sensors.Data", "DagAir_Sensors\DagAir.Sensors.Data\DagAir.Sensors.Data.csproj", "{03F357F0-6533-49FE-9AF3-78E60EEBDD24}"
EndProject
Project("{FAE04EC0-301F-11D3-BF4B-00C04F79EFBC}") = "DagAir.Sensors.Data.Migrations", "DagAir_Sensors\DagAir.Sensors.Data.Migrations\DagAir.Sensors.Data.Migrations.csproj", "{B5EC19D1-CE37-4102-B5E0-94C081CC3D10}"
EndProject
Project("{FAE04EC0-301F-11D3-BF4B-00C04F79EFBC}") = "DagAir.IngestionNode", "DagAir_IngestionNode\DagAir.IngestionNode\DagAir.IngestionNode.csproj", "{A8B0DF5A-A3AD-4376-B579-9AEDAB6AE997}"
EndProject
Project("{FAE04EC0-301F-11D3-BF4B-00C04F79EFBC}") = "DagAir.IngestionNode.Contracts", "DagAir_IngestionNode\DagAir.IngestionNode.Contracts\DagAir.IngestionNode.Contracts.csproj", "{040D0277-61ED-424A-A651-4BD505100E03}"
EndProject
Project("{FAE04EC0-301F-11D3-BF4B-00C04F79EFBC}") = "DagAir.IngestionNode.Data", "DagAir_IngestionNode\DagAir.IngestionNode.Data\DagAir.IngestionNode.Data.csproj", "{693439DC-26BB-4A02-9B88-F03C86A09D50}"
EndProject
Project("{FAE04EC0-301F-11D3-BF4B-00C04F79EFBC}") = "DagAir.IngestionNode.Migrations", "DagAir_IngestionNode\DagAir.IngestionNode.Migrations\DagAir.IngestionNode.Migrations.csproj", "{08485C96-0FDD-4058-A182-3215AE292ED0}"
EndProject
Project("{FAE04EC0-301F-11D3-BF4B-00C04F79EFBC}") = "DagAir.IngestionNode.Infrastructure", "DagAir_IngestionNode\DagAir.IngestionNode.Infrastructure\DagAir.IngestionNode.Infrastructure.csproj", "{74FF161C-C7D5-4793-932A-215DF77BE7CB}"
EndProject
Project("{FAE04EC0-301F-11D3-BF4B-00C04F79EFBC}") = "DagAir.PolicyNode", "DagAir_PolicyNode\DagAir.PolicyNode\DagAir.PolicyNode.csproj", "{1AD4684E-143B-45DE-9EDA-FF551B7D923C}"
EndProject
Project("{FAE04EC0-301F-11D3-BF4B-00C04F79EFBC}") = "DagAir.PolicyNode.Contracts", "DagAir_PolicyNode\DagAir.PolicyNode.Contracts\DagAir.PolicyNode.Contracts.csproj", "{5719B905-6801-4B6E-850C-3D2A77981031}"
EndProject
Project("{FAE04EC0-301F-11D3-BF4B-00C04F79EFBC}") = "DagAir.IngestionNode.Tests", "DagAir_IngestionNode\DagAir.IngestionNode.Tests\DagAir.IngestionNode.Tests.csproj", "{D6B00FA1-BB7C-433E-BEB4-7545D2F1157C}"
EndProject
Project("{FAE04EC0-301F-11D3-BF4B-00C04F79EFBC}") = "DagAir.PolicyNode.Tests", "DagAir_PolicyNode\DagAir.PolicyNode.Tests\DagAir.PolicyNode.Tests.csproj", "{BCEFE436-7F30-44B0-AC8C-BFBB38CEE786}"
EndProject
Project("{FAE04EC0-301F-11D3-BF4B-00C04F79EFBC}") = "DagAir.PolicyNode.Infrastructure", "DagAir_PolicyNode\DagAir.PolicyNode.Infrastructure\DagAir.PolicyNode.Infrastructure.csproj", "{B35CC0FD-DDC9-42D2-A31B-C121BE9600C8}"
EndProject
Project("{2150E333-8FDC-42A3-9474-1A3956D46DE8}") = "DagAir.Apis.Policies", "DagAir.Apis.Policies", "{6603C316-6232-453C-8AF7-EE81427D8011}"
EndProject
Project("{FAE04EC0-301F-11D3-BF4B-00C04F79EFBC}") = "DagAir.Policies", "DagAir_Policies\DagAir.Policies\DagAir.Policies.csproj", "{22231F34-589C-415F-98AC-177A3F07C199}"
EndProject
Project("{FAE04EC0-301F-11D3-BF4B-00C04F79EFBC}") = "DagAir.Policies.Data", "DagAir_Policies\DagAir.Policies.Data\DagAir.Policies.Data.csproj", "{5F11C720-612F-4331-AD50-DBB5B413A759}"
EndProject
Project("{FAE04EC0-301F-11D3-BF4B-00C04F79EFBC}") = "DagAir.Policies.Data.Migrations", "DagAir_Policies\DagAir.Policies.Data.Migrations\DagAir.Policies.Data.Migrations.csproj", "{9AB66556-37EF-4234-BB8E-6A6178D6195E}"
EndProject
Project("{FAE04EC0-301F-11D3-BF4B-00C04F79EFBC}") = "DagAir.Policies.Contracts", "DagAir_Policies\DagAir.Policies.Contracts\DagAir.Policies.Contracts.csproj", "{1AD74AAB-66DB-4B1F-8E21-835F0DA1C5D8}"
EndProject
Project("{FAE04EC0-301F-11D3-BF4B-00C04F79EFBC}") = "DagAir.Sensors.Contracts", "DagAir_Sensors\DagAir.Sensors.Contracts\DagAir.Sensors.Contracts.csproj", "{F3316A8F-CF3C-4BDC-8C4D-52B776002072}"
EndProject
Project("{FAE04EC0-301F-11D3-BF4B-00C04F79EFBC}") = "DagAir.Components.Tests", "DagAir_Components\DagAir.Components.Tests\DagAir.Components.Tests.csproj", "{1B897FFC-31D2-4515-98F0-158B7462340C}"
EndProject
Project("{FAE04EC0-301F-11D3-BF4B-00C04F79EFBC}") = "DagAir.Policies.Tests", "DagAir_Policies\DagAir.Policies.Tests\DagAir.Policies.Tests.csproj", "{867FEE09-B3F9-4C95-9350-9E1D277550B0}"
EndProject
Project("{FAE04EC0-301F-11D3-BF4B-00C04F79EFBC}") = "DagAir.Sensors.Tests", "DagAir_Sensors\DagAir.Sensors.Tests\DagAir.Sensors.Tests.csproj", "{055B310E-FCAD-4317-AC89-6592B0A84D5E}"
EndProject
Project("{9A19103F-16F7-4668-BE54-9A1E7A4F7556}") = "_build", "..\build\_build.csproj", "{41A28E78-CC36-4A38-BDB3-17C266DBFD3B}"
EndProject
Project("{2150E333-8FDC-42A3-9474-1A3956D46DE8}") = "DagAir.ClientNode", "DagAir.ClientNode", "{33E8DD8C-F8F6-4EBC-A8B5-ED447FB6A8F2}"
EndProject
Project("{FAE04EC0-301F-11D3-BF4B-00C04F79EFBC}") = "DagAir.ClientNode", "DagAir_ClientNode\DagAir.ClientNode\DagAir.ClientNode.csproj", "{ED1AA25B-9DEB-487D-953E-F7AAA93FD198}"
EndProject
Project("{FAE04EC0-301F-11D3-BF4B-00C04F79EFBC}") = "DagAir.ClientNode.Infrastructure", "DagAir_ClientNode\DagAir.ClientNode.Infrastructure\DagAir.ClientNode.Infrastructure.csproj", "{DB1BBB1B-2CE4-4BDC-8DBC-7BCCC9A51B5D}"
EndProject
Project("{2150E333-8FDC-42A3-9474-1A3956D46DE8}") = "DagAir.WebApps", "DagAir.WebApps", "{C09DA0E0-C077-450C-ACA9-09B8897D8CCF}"
EndProject
Project("{2150E333-8FDC-42A3-9474-1A3956D46DE8}") = "DagAir.WebApps.ClientApp", "DagAir.WebApps.ClientApp", "{F1B584A2-D8DE-4309-8C01-D3A8719DEEBA}"
EndProject
Project("{FAE04EC0-301F-11D3-BF4B-00C04F79EFBC}") = "DagAir.WebClientApp", "DagAir_WebApplications\DagAir.WebClientApp\DagAir.WebClientApp.csproj", "{47E721A3-D09D-4FEB-A89B-91356B9020E7}"
EndProject
Project("{2150E333-8FDC-42A3-9474-1A3956D46DE8}") = "DagAir.Apis.Addresses", "DagAir.Apis.Addresses", "{1F61971F-7F4A-4EF2-BB8B-FAC0C731C666}"
EndProject
Project("{FAE04EC0-301F-11D3-BF4B-00C04F79EFBC}") = "DagAir.Addresses", "DagAir_Addresses\DagAir.Addresses\DagAir.Addresses.csproj", "{2B0527BC-8BF5-4E21-83AA-8D66082731B4}"
EndProject
Project("{FAE04EC0-301F-11D3-BF4B-00C04F79EFBC}") = "DagAir.Addresses.Contracts", "DagAir_Addresses\DagAir.Addresses.Contracts\DagAir.Addresses.Contracts.csproj", "{3A730E01-D334-42C8-971A-BBDD4566AF59}"
EndProject
Project("{FAE04EC0-301F-11D3-BF4B-00C04F79EFBC}") = "DagAir.Addresses.Data", "DagAir_Addresses\DagAir.Addresses.Data\DagAir.Addresses.Data.csproj", "{4A9C97D2-B8A2-4E1D-A3C6-1DF15FE2D490}"
EndProject
Project("{FAE04EC0-301F-11D3-BF4B-00C04F79EFBC}") = "DagAir.Addresses.Data.Migrations", "DagAir_Addresses\DagAir.Addresses.Data.Migrations\DagAir.Addresses.Data.Migrations.csproj", "{52B01117-FE22-421D-9C89-A3E60D969BA2}"
EndProject
Project("{FAE04EC0-301F-11D3-BF4B-00C04F79EFBC}") = "DagAir.Addresses.Tests", "DagAir_Addresses\DagAir.Addresses.Tests\DagAir.Addresses.Tests.csproj", "{55F9C60E-7502-4130-B8F3-6CD2877F2FCE}"
EndProject
Project("{FAE04EC0-301F-11D3-BF4B-00C04F79EFBC}") = "DagAir.Facilities.Contracts", "DagAir_Facilities\DagAir.Facilities.Contracts\DagAir.Facilities.Contracts.csproj", "{E8A09E2B-1E6E-4632-BBB6-BB8D47378496}"
EndProject
Project("{FAE04EC0-301F-11D3-BF4B-00C04F79EFBC}") = "DagAir.Facilities.Tests", "DagAir_Facilities\DagAir.Facilities.Tests\DagAir.Facilities.Tests.csproj", "{A189FA8E-9DDB-4756-AB41-04B231151DCF}"
EndProject
Project("{2150E333-8FDC-42A3-9474-1A3956D46DE8}") = "DagAir.WebApps.AdminApp", "DagAir.WebApps.AdminApp", "{C3AE4FC9-498B-4FC0-BBC6-252F47C25C5B}"
EndProject
Project("{FAE04EC0-301F-11D3-BF4B-00C04F79EFBC}") = "DagAir.Components.Nuke", "DagAir_Components\DagAir.Components.Nuke\DagAir.Components.Nuke.csproj", "{1F79ABB2-B140-4CF1-91FC-F6DD5785B74D}"
EndProject
Project("{FAE04EC0-301F-11D3-BF4B-00C04F79EFBC}") = "DagAir.WebClientApp.Tests", "DagAir_WebApplications\DagAir.WebClientApp.Tests\DagAir.WebClientApp.Tests.csproj", "{550F7DB8-682F-48AB-927E-5BDE19B5D145}"
EndProject
Project("{FAE04EC0-301F-11D3-BF4B-00C04F79EFBC}") = "DagAir.ClientNode.Tests", "DagAir_ClientNode\DagAir.ClientNode.Tests\DagAir.ClientNode.Tests.csproj", "{5B0C3995-C194-41CE-BD83-9EE268AC088C}"
EndProject
Project("{FAE04EC0-301F-11D3-BF4B-00C04F79EFBC}") = "TestMvcClient", "TestMvcClient\TestMvcClient.csproj", "{498209F8-2DA6-473F-9BAA-E9A6F2412455}"
EndProject
Project("{FAE04EC0-301F-11D3-BF4B-00C04F79EFBC}") = "DagAir.IdentityServer", "DagAir.IdentityServer\DagAir.IdentityServer.csproj", "{9306F58A-4A3A-4BB4-9DD7-C976A741062F}"
EndProject
Project("{2150E333-8FDC-42A3-9474-1A3956D46DE8}") = "DagAir.AdminNode", "DagAir.AdminNode", "{AFDE81A7-7F1E-459F-8AEE-EE5E538109A3}"
EndProject
Project("{FAE04EC0-301F-11D3-BF4B-00C04F79EFBC}") = "DagAir.AdminNode", "DagAir_AdminNode\DagAir.AdminNode\DagAir.AdminNode.csproj", "{17A7DC0F-4387-4AE4-8118-7F4356F8C591}"
EndProject
Project("{FAE04EC0-301F-11D3-BF4B-00C04F79EFBC}") = "DagAir.WebAdminApp", "DagAir_WebApplications\DagAir.WebAdminApp\DagAir.WebAdminApp.csproj", "{7F6F9E5C-5F52-4039-A784-4AEDBE31F860}"
EndProject
Project("{FAE04EC0-301F-11D3-BF4B-00C04F79EFBC}") = "DagAir.WebAdminApp.Tests", "DagAir_WebApplications\DagAir.WebAdminApp.Tests\DagAir.WebAdminApp.Tests.csproj", "{9EE463F8-F930-4875-9FD2-B86DD6A77075}"
EndProject
Global
	GlobalSection(SolutionConfigurationPlatforms) = preSolution
		Debug|Any CPU = Debug|Any CPU
		Release|Any CPU = Release|Any CPU
	EndGlobalSection
	GlobalSection(ProjectConfigurationPlatforms) = postSolution
		{41A28E78-CC36-4A38-BDB3-17C266DBFD3B}.Debug|Any CPU.ActiveCfg = Debug|Any CPU
		{41A28E78-CC36-4A38-BDB3-17C266DBFD3B}.Release|Any CPU.ActiveCfg = Release|Any CPU
		{F86F0C70-731E-407B-ACAB-79DAAC4BD2BA}.Debug|Any CPU.ActiveCfg = Debug|Any CPU
		{F86F0C70-731E-407B-ACAB-79DAAC4BD2BA}.Debug|Any CPU.Build.0 = Debug|Any CPU
		{F86F0C70-731E-407B-ACAB-79DAAC4BD2BA}.Release|Any CPU.ActiveCfg = Release|Any CPU
		{F86F0C70-731E-407B-ACAB-79DAAC4BD2BA}.Release|Any CPU.Build.0 = Release|Any CPU
		{CE8B3D70-2465-4D34-AD2F-D2D1DEC44B59}.Debug|Any CPU.ActiveCfg = Debug|Any CPU
		{CE8B3D70-2465-4D34-AD2F-D2D1DEC44B59}.Debug|Any CPU.Build.0 = Debug|Any CPU
		{CE8B3D70-2465-4D34-AD2F-D2D1DEC44B59}.Release|Any CPU.ActiveCfg = Release|Any CPU
		{CE8B3D70-2465-4D34-AD2F-D2D1DEC44B59}.Release|Any CPU.Build.0 = Release|Any CPU
		{7F7EF021-C719-432D-8393-E0CF7C7066B7}.Debug|Any CPU.ActiveCfg = Debug|Any CPU
		{7F7EF021-C719-432D-8393-E0CF7C7066B7}.Debug|Any CPU.Build.0 = Debug|Any CPU
		{7F7EF021-C719-432D-8393-E0CF7C7066B7}.Release|Any CPU.ActiveCfg = Release|Any CPU
		{7F7EF021-C719-432D-8393-E0CF7C7066B7}.Release|Any CPU.Build.0 = Release|Any CPU
		{9DBCB5D5-FF81-49F3-96AD-E544D97112F4}.Debug|Any CPU.ActiveCfg = Debug|Any CPU
		{9DBCB5D5-FF81-49F3-96AD-E544D97112F4}.Debug|Any CPU.Build.0 = Debug|Any CPU
		{9DBCB5D5-FF81-49F3-96AD-E544D97112F4}.Release|Any CPU.ActiveCfg = Release|Any CPU
		{9DBCB5D5-FF81-49F3-96AD-E544D97112F4}.Release|Any CPU.Build.0 = Release|Any CPU
		{0A4634B6-E06B-4758-A46E-F5CACC31A4B8}.Debug|Any CPU.ActiveCfg = Debug|Any CPU
		{0A4634B6-E06B-4758-A46E-F5CACC31A4B8}.Debug|Any CPU.Build.0 = Debug|Any CPU
		{0A4634B6-E06B-4758-A46E-F5CACC31A4B8}.Release|Any CPU.ActiveCfg = Release|Any CPU
		{0A4634B6-E06B-4758-A46E-F5CACC31A4B8}.Release|Any CPU.Build.0 = Release|Any CPU
		{F2F9A403-BEDC-4ACD-82F9-33A087F5E6B2}.Debug|Any CPU.ActiveCfg = Debug|Any CPU
		{F2F9A403-BEDC-4ACD-82F9-33A087F5E6B2}.Debug|Any CPU.Build.0 = Debug|Any CPU
		{F2F9A403-BEDC-4ACD-82F9-33A087F5E6B2}.Release|Any CPU.ActiveCfg = Release|Any CPU
		{F2F9A403-BEDC-4ACD-82F9-33A087F5E6B2}.Release|Any CPU.Build.0 = Release|Any CPU
		{B5DC79B0-BFE5-42C2-A297-913885320C7D}.Debug|Any CPU.ActiveCfg = Debug|Any CPU
		{B5DC79B0-BFE5-42C2-A297-913885320C7D}.Debug|Any CPU.Build.0 = Debug|Any CPU
		{B5DC79B0-BFE5-42C2-A297-913885320C7D}.Release|Any CPU.ActiveCfg = Release|Any CPU
		{B5DC79B0-BFE5-42C2-A297-913885320C7D}.Release|Any CPU.Build.0 = Release|Any CPU
		{8C25AB2D-A183-4831-A5E3-ADB409D424CC}.Debug|Any CPU.ActiveCfg = Debug|Any CPU
		{8C25AB2D-A183-4831-A5E3-ADB409D424CC}.Debug|Any CPU.Build.0 = Debug|Any CPU
		{8C25AB2D-A183-4831-A5E3-ADB409D424CC}.Release|Any CPU.ActiveCfg = Release|Any CPU
		{8C25AB2D-A183-4831-A5E3-ADB409D424CC}.Release|Any CPU.Build.0 = Release|Any CPU
		{CFD8D92A-E986-41E6-8395-BC7E3E725BCC}.Debug|Any CPU.ActiveCfg = Debug|Any CPU
		{CFD8D92A-E986-41E6-8395-BC7E3E725BCC}.Debug|Any CPU.Build.0 = Debug|Any CPU
		{CFD8D92A-E986-41E6-8395-BC7E3E725BCC}.Release|Any CPU.ActiveCfg = Release|Any CPU
		{CFD8D92A-E986-41E6-8395-BC7E3E725BCC}.Release|Any CPU.Build.0 = Release|Any CPU
		{03F357F0-6533-49FE-9AF3-78E60EEBDD24}.Debug|Any CPU.ActiveCfg = Debug|Any CPU
		{03F357F0-6533-49FE-9AF3-78E60EEBDD24}.Debug|Any CPU.Build.0 = Debug|Any CPU
		{03F357F0-6533-49FE-9AF3-78E60EEBDD24}.Release|Any CPU.ActiveCfg = Release|Any CPU
		{03F357F0-6533-49FE-9AF3-78E60EEBDD24}.Release|Any CPU.Build.0 = Release|Any CPU
		{B5EC19D1-CE37-4102-B5E0-94C081CC3D10}.Debug|Any CPU.ActiveCfg = Debug|Any CPU
		{B5EC19D1-CE37-4102-B5E0-94C081CC3D10}.Debug|Any CPU.Build.0 = Debug|Any CPU
		{B5EC19D1-CE37-4102-B5E0-94C081CC3D10}.Release|Any CPU.ActiveCfg = Release|Any CPU
		{B5EC19D1-CE37-4102-B5E0-94C081CC3D10}.Release|Any CPU.Build.0 = Release|Any CPU
		{A8B0DF5A-A3AD-4376-B579-9AEDAB6AE997}.Debug|Any CPU.ActiveCfg = Debug|Any CPU
		{A8B0DF5A-A3AD-4376-B579-9AEDAB6AE997}.Debug|Any CPU.Build.0 = Debug|Any CPU
		{A8B0DF5A-A3AD-4376-B579-9AEDAB6AE997}.Release|Any CPU.ActiveCfg = Release|Any CPU
		{A8B0DF5A-A3AD-4376-B579-9AEDAB6AE997}.Release|Any CPU.Build.0 = Release|Any CPU
		{040D0277-61ED-424A-A651-4BD505100E03}.Debug|Any CPU.ActiveCfg = Debug|Any CPU
		{040D0277-61ED-424A-A651-4BD505100E03}.Debug|Any CPU.Build.0 = Debug|Any CPU
		{040D0277-61ED-424A-A651-4BD505100E03}.Release|Any CPU.ActiveCfg = Release|Any CPU
		{040D0277-61ED-424A-A651-4BD505100E03}.Release|Any CPU.Build.0 = Release|Any CPU
		{693439DC-26BB-4A02-9B88-F03C86A09D50}.Debug|Any CPU.ActiveCfg = Debug|Any CPU
		{693439DC-26BB-4A02-9B88-F03C86A09D50}.Debug|Any CPU.Build.0 = Debug|Any CPU
		{693439DC-26BB-4A02-9B88-F03C86A09D50}.Release|Any CPU.ActiveCfg = Release|Any CPU
		{693439DC-26BB-4A02-9B88-F03C86A09D50}.Release|Any CPU.Build.0 = Release|Any CPU
		{08485C96-0FDD-4058-A182-3215AE292ED0}.Debug|Any CPU.ActiveCfg = Debug|Any CPU
		{08485C96-0FDD-4058-A182-3215AE292ED0}.Debug|Any CPU.Build.0 = Debug|Any CPU
		{08485C96-0FDD-4058-A182-3215AE292ED0}.Release|Any CPU.ActiveCfg = Release|Any CPU
		{08485C96-0FDD-4058-A182-3215AE292ED0}.Release|Any CPU.Build.0 = Release|Any CPU
		{74FF161C-C7D5-4793-932A-215DF77BE7CB}.Debug|Any CPU.ActiveCfg = Debug|Any CPU
		{74FF161C-C7D5-4793-932A-215DF77BE7CB}.Debug|Any CPU.Build.0 = Debug|Any CPU
		{74FF161C-C7D5-4793-932A-215DF77BE7CB}.Release|Any CPU.ActiveCfg = Release|Any CPU
		{74FF161C-C7D5-4793-932A-215DF77BE7CB}.Release|Any CPU.Build.0 = Release|Any CPU
		{1AD4684E-143B-45DE-9EDA-FF551B7D923C}.Debug|Any CPU.ActiveCfg = Debug|Any CPU
		{1AD4684E-143B-45DE-9EDA-FF551B7D923C}.Debug|Any CPU.Build.0 = Debug|Any CPU
		{1AD4684E-143B-45DE-9EDA-FF551B7D923C}.Release|Any CPU.ActiveCfg = Release|Any CPU
		{1AD4684E-143B-45DE-9EDA-FF551B7D923C}.Release|Any CPU.Build.0 = Release|Any CPU
		{5719B905-6801-4B6E-850C-3D2A77981031}.Debug|Any CPU.ActiveCfg = Debug|Any CPU
		{5719B905-6801-4B6E-850C-3D2A77981031}.Debug|Any CPU.Build.0 = Debug|Any CPU
		{5719B905-6801-4B6E-850C-3D2A77981031}.Release|Any CPU.ActiveCfg = Release|Any CPU
		{5719B905-6801-4B6E-850C-3D2A77981031}.Release|Any CPU.Build.0 = Release|Any CPU
		{D6B00FA1-BB7C-433E-BEB4-7545D2F1157C}.Debug|Any CPU.ActiveCfg = Debug|Any CPU
		{D6B00FA1-BB7C-433E-BEB4-7545D2F1157C}.Debug|Any CPU.Build.0 = Debug|Any CPU
		{D6B00FA1-BB7C-433E-BEB4-7545D2F1157C}.Release|Any CPU.ActiveCfg = Release|Any CPU
		{D6B00FA1-BB7C-433E-BEB4-7545D2F1157C}.Release|Any CPU.Build.0 = Release|Any CPU
		{BCEFE436-7F30-44B0-AC8C-BFBB38CEE786}.Debug|Any CPU.ActiveCfg = Debug|Any CPU
		{BCEFE436-7F30-44B0-AC8C-BFBB38CEE786}.Debug|Any CPU.Build.0 = Debug|Any CPU
		{BCEFE436-7F30-44B0-AC8C-BFBB38CEE786}.Release|Any CPU.ActiveCfg = Release|Any CPU
		{BCEFE436-7F30-44B0-AC8C-BFBB38CEE786}.Release|Any CPU.Build.0 = Release|Any CPU
		{B35CC0FD-DDC9-42D2-A31B-C121BE9600C8}.Debug|Any CPU.ActiveCfg = Debug|Any CPU
		{B35CC0FD-DDC9-42D2-A31B-C121BE9600C8}.Debug|Any CPU.Build.0 = Debug|Any CPU
		{B35CC0FD-DDC9-42D2-A31B-C121BE9600C8}.Release|Any CPU.ActiveCfg = Release|Any CPU
		{B35CC0FD-DDC9-42D2-A31B-C121BE9600C8}.Release|Any CPU.Build.0 = Release|Any CPU
		{22231F34-589C-415F-98AC-177A3F07C199}.Debug|Any CPU.ActiveCfg = Debug|Any CPU
		{22231F34-589C-415F-98AC-177A3F07C199}.Debug|Any CPU.Build.0 = Debug|Any CPU
		{22231F34-589C-415F-98AC-177A3F07C199}.Release|Any CPU.ActiveCfg = Release|Any CPU
		{22231F34-589C-415F-98AC-177A3F07C199}.Release|Any CPU.Build.0 = Release|Any CPU
		{5F11C720-612F-4331-AD50-DBB5B413A759}.Debug|Any CPU.ActiveCfg = Debug|Any CPU
		{5F11C720-612F-4331-AD50-DBB5B413A759}.Debug|Any CPU.Build.0 = Debug|Any CPU
		{5F11C720-612F-4331-AD50-DBB5B413A759}.Release|Any CPU.ActiveCfg = Release|Any CPU
		{5F11C720-612F-4331-AD50-DBB5B413A759}.Release|Any CPU.Build.0 = Release|Any CPU
		{9AB66556-37EF-4234-BB8E-6A6178D6195E}.Debug|Any CPU.ActiveCfg = Debug|Any CPU
		{9AB66556-37EF-4234-BB8E-6A6178D6195E}.Debug|Any CPU.Build.0 = Debug|Any CPU
		{9AB66556-37EF-4234-BB8E-6A6178D6195E}.Release|Any CPU.ActiveCfg = Release|Any CPU
		{9AB66556-37EF-4234-BB8E-6A6178D6195E}.Release|Any CPU.Build.0 = Release|Any CPU
		{1AD74AAB-66DB-4B1F-8E21-835F0DA1C5D8}.Debug|Any CPU.ActiveCfg = Debug|Any CPU
		{1AD74AAB-66DB-4B1F-8E21-835F0DA1C5D8}.Debug|Any CPU.Build.0 = Debug|Any CPU
		{1AD74AAB-66DB-4B1F-8E21-835F0DA1C5D8}.Release|Any CPU.ActiveCfg = Release|Any CPU
		{1AD74AAB-66DB-4B1F-8E21-835F0DA1C5D8}.Release|Any CPU.Build.0 = Release|Any CPU
		{F3316A8F-CF3C-4BDC-8C4D-52B776002072}.Debug|Any CPU.ActiveCfg = Debug|Any CPU
		{F3316A8F-CF3C-4BDC-8C4D-52B776002072}.Debug|Any CPU.Build.0 = Debug|Any CPU
		{F3316A8F-CF3C-4BDC-8C4D-52B776002072}.Release|Any CPU.ActiveCfg = Release|Any CPU
		{F3316A8F-CF3C-4BDC-8C4D-52B776002072}.Release|Any CPU.Build.0 = Release|Any CPU
		{1B897FFC-31D2-4515-98F0-158B7462340C}.Debug|Any CPU.ActiveCfg = Debug|Any CPU
		{1B897FFC-31D2-4515-98F0-158B7462340C}.Debug|Any CPU.Build.0 = Debug|Any CPU
		{1B897FFC-31D2-4515-98F0-158B7462340C}.Release|Any CPU.ActiveCfg = Release|Any CPU
		{1B897FFC-31D2-4515-98F0-158B7462340C}.Release|Any CPU.Build.0 = Release|Any CPU
		{867FEE09-B3F9-4C95-9350-9E1D277550B0}.Debug|Any CPU.ActiveCfg = Debug|Any CPU
		{867FEE09-B3F9-4C95-9350-9E1D277550B0}.Debug|Any CPU.Build.0 = Debug|Any CPU
		{867FEE09-B3F9-4C95-9350-9E1D277550B0}.Release|Any CPU.ActiveCfg = Release|Any CPU
		{867FEE09-B3F9-4C95-9350-9E1D277550B0}.Release|Any CPU.Build.0 = Release|Any CPU
		{055B310E-FCAD-4317-AC89-6592B0A84D5E}.Debug|Any CPU.ActiveCfg = Debug|Any CPU
		{055B310E-FCAD-4317-AC89-6592B0A84D5E}.Debug|Any CPU.Build.0 = Debug|Any CPU
		{055B310E-FCAD-4317-AC89-6592B0A84D5E}.Release|Any CPU.ActiveCfg = Release|Any CPU
		{055B310E-FCAD-4317-AC89-6592B0A84D5E}.Release|Any CPU.Build.0 = Release|Any CPU
		{ED1AA25B-9DEB-487D-953E-F7AAA93FD198}.Debug|Any CPU.ActiveCfg = Debug|Any CPU
		{ED1AA25B-9DEB-487D-953E-F7AAA93FD198}.Debug|Any CPU.Build.0 = Debug|Any CPU
		{ED1AA25B-9DEB-487D-953E-F7AAA93FD198}.Release|Any CPU.ActiveCfg = Release|Any CPU
		{ED1AA25B-9DEB-487D-953E-F7AAA93FD198}.Release|Any CPU.Build.0 = Release|Any CPU
		{DB1BBB1B-2CE4-4BDC-8DBC-7BCCC9A51B5D}.Debug|Any CPU.ActiveCfg = Debug|Any CPU
		{DB1BBB1B-2CE4-4BDC-8DBC-7BCCC9A51B5D}.Debug|Any CPU.Build.0 = Debug|Any CPU
		{DB1BBB1B-2CE4-4BDC-8DBC-7BCCC9A51B5D}.Release|Any CPU.ActiveCfg = Release|Any CPU
		{DB1BBB1B-2CE4-4BDC-8DBC-7BCCC9A51B5D}.Release|Any CPU.Build.0 = Release|Any CPU
		{47E721A3-D09D-4FEB-A89B-91356B9020E7}.Debug|Any CPU.ActiveCfg = Debug|Any CPU
		{47E721A3-D09D-4FEB-A89B-91356B9020E7}.Debug|Any CPU.Build.0 = Debug|Any CPU
		{47E721A3-D09D-4FEB-A89B-91356B9020E7}.Release|Any CPU.ActiveCfg = Release|Any CPU
		{47E721A3-D09D-4FEB-A89B-91356B9020E7}.Release|Any CPU.Build.0 = Release|Any CPU
		{2B0527BC-8BF5-4E21-83AA-8D66082731B4}.Debug|Any CPU.ActiveCfg = Debug|Any CPU
		{2B0527BC-8BF5-4E21-83AA-8D66082731B4}.Debug|Any CPU.Build.0 = Debug|Any CPU
		{2B0527BC-8BF5-4E21-83AA-8D66082731B4}.Release|Any CPU.ActiveCfg = Release|Any CPU
		{2B0527BC-8BF5-4E21-83AA-8D66082731B4}.Release|Any CPU.Build.0 = Release|Any CPU
		{3A730E01-D334-42C8-971A-BBDD4566AF59}.Debug|Any CPU.ActiveCfg = Debug|Any CPU
		{3A730E01-D334-42C8-971A-BBDD4566AF59}.Debug|Any CPU.Build.0 = Debug|Any CPU
		{3A730E01-D334-42C8-971A-BBDD4566AF59}.Release|Any CPU.ActiveCfg = Release|Any CPU
		{3A730E01-D334-42C8-971A-BBDD4566AF59}.Release|Any CPU.Build.0 = Release|Any CPU
		{4A9C97D2-B8A2-4E1D-A3C6-1DF15FE2D490}.Debug|Any CPU.ActiveCfg = Debug|Any CPU
		{4A9C97D2-B8A2-4E1D-A3C6-1DF15FE2D490}.Debug|Any CPU.Build.0 = Debug|Any CPU
		{4A9C97D2-B8A2-4E1D-A3C6-1DF15FE2D490}.Release|Any CPU.ActiveCfg = Release|Any CPU
		{4A9C97D2-B8A2-4E1D-A3C6-1DF15FE2D490}.Release|Any CPU.Build.0 = Release|Any CPU
		{52B01117-FE22-421D-9C89-A3E60D969BA2}.Debug|Any CPU.ActiveCfg = Debug|Any CPU
		{52B01117-FE22-421D-9C89-A3E60D969BA2}.Debug|Any CPU.Build.0 = Debug|Any CPU
		{52B01117-FE22-421D-9C89-A3E60D969BA2}.Release|Any CPU.ActiveCfg = Release|Any CPU
		{52B01117-FE22-421D-9C89-A3E60D969BA2}.Release|Any CPU.Build.0 = Release|Any CPU
		{55F9C60E-7502-4130-B8F3-6CD2877F2FCE}.Debug|Any CPU.ActiveCfg = Debug|Any CPU
		{55F9C60E-7502-4130-B8F3-6CD2877F2FCE}.Debug|Any CPU.Build.0 = Debug|Any CPU
		{55F9C60E-7502-4130-B8F3-6CD2877F2FCE}.Release|Any CPU.ActiveCfg = Release|Any CPU
		{55F9C60E-7502-4130-B8F3-6CD2877F2FCE}.Release|Any CPU.Build.0 = Release|Any CPU
		{E8A09E2B-1E6E-4632-BBB6-BB8D47378496}.Debug|Any CPU.ActiveCfg = Debug|Any CPU
		{E8A09E2B-1E6E-4632-BBB6-BB8D47378496}.Debug|Any CPU.Build.0 = Debug|Any CPU
		{E8A09E2B-1E6E-4632-BBB6-BB8D47378496}.Release|Any CPU.ActiveCfg = Release|Any CPU
		{E8A09E2B-1E6E-4632-BBB6-BB8D47378496}.Release|Any CPU.Build.0 = Release|Any CPU
		{A189FA8E-9DDB-4756-AB41-04B231151DCF}.Debug|Any CPU.ActiveCfg = Debug|Any CPU
		{A189FA8E-9DDB-4756-AB41-04B231151DCF}.Debug|Any CPU.Build.0 = Debug|Any CPU
		{A189FA8E-9DDB-4756-AB41-04B231151DCF}.Release|Any CPU.ActiveCfg = Release|Any CPU
		{A189FA8E-9DDB-4756-AB41-04B231151DCF}.Release|Any CPU.Build.0 = Release|Any CPU
		{1F79ABB2-B140-4CF1-91FC-F6DD5785B74D}.Debug|Any CPU.ActiveCfg = Debug|Any CPU
		{1F79ABB2-B140-4CF1-91FC-F6DD5785B74D}.Debug|Any CPU.Build.0 = Debug|Any CPU
		{1F79ABB2-B140-4CF1-91FC-F6DD5785B74D}.Release|Any CPU.ActiveCfg = Release|Any CPU
		{1F79ABB2-B140-4CF1-91FC-F6DD5785B74D}.Release|Any CPU.Build.0 = Release|Any CPU
		{550F7DB8-682F-48AB-927E-5BDE19B5D145}.Debug|Any CPU.ActiveCfg = Debug|Any CPU
		{550F7DB8-682F-48AB-927E-5BDE19B5D145}.Debug|Any CPU.Build.0 = Debug|Any CPU
		{550F7DB8-682F-48AB-927E-5BDE19B5D145}.Release|Any CPU.ActiveCfg = Release|Any CPU
		{550F7DB8-682F-48AB-927E-5BDE19B5D145}.Release|Any CPU.Build.0 = Release|Any CPU
		{5B0C3995-C194-41CE-BD83-9EE268AC088C}.Debug|Any CPU.ActiveCfg = Debug|Any CPU
		{5B0C3995-C194-41CE-BD83-9EE268AC088C}.Debug|Any CPU.Build.0 = Debug|Any CPU
		{5B0C3995-C194-41CE-BD83-9EE268AC088C}.Release|Any CPU.ActiveCfg = Release|Any CPU
		{5B0C3995-C194-41CE-BD83-9EE268AC088C}.Release|Any CPU.Build.0 = Release|Any CPU
		{498209F8-2DA6-473F-9BAA-E9A6F2412455}.Debug|Any CPU.ActiveCfg = Debug|Any CPU
		{498209F8-2DA6-473F-9BAA-E9A6F2412455}.Debug|Any CPU.Build.0 = Debug|Any CPU
		{498209F8-2DA6-473F-9BAA-E9A6F2412455}.Release|Any CPU.ActiveCfg = Release|Any CPU
		{498209F8-2DA6-473F-9BAA-E9A6F2412455}.Release|Any CPU.Build.0 = Release|Any CPU
		{9306F58A-4A3A-4BB4-9DD7-C976A741062F}.Debug|Any CPU.ActiveCfg = Debug|Any CPU
		{9306F58A-4A3A-4BB4-9DD7-C976A741062F}.Debug|Any CPU.Build.0 = Debug|Any CPU
		{9306F58A-4A3A-4BB4-9DD7-C976A741062F}.Release|Any CPU.ActiveCfg = Release|Any CPU
		{9306F58A-4A3A-4BB4-9DD7-C976A741062F}.Release|Any CPU.Build.0 = Release|Any CPU
		{17A7DC0F-4387-4AE4-8118-7F4356F8C591}.Debug|Any CPU.ActiveCfg = Debug|Any CPU
		{17A7DC0F-4387-4AE4-8118-7F4356F8C591}.Debug|Any CPU.Build.0 = Debug|Any CPU
		{17A7DC0F-4387-4AE4-8118-7F4356F8C591}.Release|Any CPU.ActiveCfg = Release|Any CPU
		{17A7DC0F-4387-4AE4-8118-7F4356F8C591}.Release|Any CPU.Build.0 = Release|Any CPU
		{7F6F9E5C-5F52-4039-A784-4AEDBE31F860}.Debug|Any CPU.ActiveCfg = Debug|Any CPU
		{7F6F9E5C-5F52-4039-A784-4AEDBE31F860}.Debug|Any CPU.Build.0 = Debug|Any CPU
		{7F6F9E5C-5F52-4039-A784-4AEDBE31F860}.Release|Any CPU.ActiveCfg = Release|Any CPU
		{7F6F9E5C-5F52-4039-A784-4AEDBE31F860}.Release|Any CPU.Build.0 = Release|Any CPU
		{9EE463F8-F930-4875-9FD2-B86DD6A77075}.Debug|Any CPU.ActiveCfg = Debug|Any CPU
		{9EE463F8-F930-4875-9FD2-B86DD6A77075}.Debug|Any CPU.Build.0 = Debug|Any CPU
		{9EE463F8-F930-4875-9FD2-B86DD6A77075}.Release|Any CPU.ActiveCfg = Release|Any CPU
		{9EE463F8-F930-4875-9FD2-B86DD6A77075}.Release|Any CPU.Build.0 = Release|Any CPU
	EndGlobalSection
	GlobalSection(SolutionProperties) = preSolution
		HideSolutionNode = FALSE
	EndGlobalSection
	GlobalSection(ExtensibilityGlobals) = postSolution
		SolutionGuid = {C0972BFD-5DD2-40ED-8A1F-17B6F518B3C7}
	EndGlobalSection
	GlobalSection(NestedProjects) = preSolution
		{E3BE4CF0-C01E-4B38-902B-02EA40F0EBAD} = {C0147ACB-106D-4F4B-B423-3217EB4F7C08}
		{0F9B751E-2703-4D35-8B17-CD5770F73AE2} = {C0147ACB-106D-4F4B-B423-3217EB4F7C08}
		{F86F0C70-731E-407B-ACAB-79DAAC4BD2BA} = {0F9B751E-2703-4D35-8B17-CD5770F73AE2}
		{CE8B3D70-2465-4D34-AD2F-D2D1DEC44B59} = {0F9B751E-2703-4D35-8B17-CD5770F73AE2}
		{7F7EF021-C719-432D-8393-E0CF7C7066B7} = {0F9B751E-2703-4D35-8B17-CD5770F73AE2}
		{9DBCB5D5-FF81-49F3-96AD-E544D97112F4} = {1B55C6DF-DCD8-4A51-93DE-DC3409C03028}
		{0A4634B6-E06B-4758-A46E-F5CACC31A4B8} = {1B55C6DF-DCD8-4A51-93DE-DC3409C03028}
		{F2F9A403-BEDC-4ACD-82F9-33A087F5E6B2} = {1B55C6DF-DCD8-4A51-93DE-DC3409C03028}
		{B5DC79B0-BFE5-42C2-A297-913885320C7D} = {1B55C6DF-DCD8-4A51-93DE-DC3409C03028}
		{8C25AB2D-A183-4831-A5E3-ADB409D424CC} = {1B55C6DF-DCD8-4A51-93DE-DC3409C03028}
		{CFD8D92A-E986-41E6-8395-BC7E3E725BCC} = {E3BE4CF0-C01E-4B38-902B-02EA40F0EBAD}
		{03F357F0-6533-49FE-9AF3-78E60EEBDD24} = {E3BE4CF0-C01E-4B38-902B-02EA40F0EBAD}
		{B5EC19D1-CE37-4102-B5E0-94C081CC3D10} = {E3BE4CF0-C01E-4B38-902B-02EA40F0EBAD}
		{A8B0DF5A-A3AD-4376-B579-9AEDAB6AE997} = {5597FF47-0154-489D-8C49-C09E0B6CDC25}
		{040D0277-61ED-424A-A651-4BD505100E03} = {5597FF47-0154-489D-8C49-C09E0B6CDC25}
		{693439DC-26BB-4A02-9B88-F03C86A09D50} = {5597FF47-0154-489D-8C49-C09E0B6CDC25}
		{08485C96-0FDD-4058-A182-3215AE292ED0} = {5597FF47-0154-489D-8C49-C09E0B6CDC25}
		{74FF161C-C7D5-4793-932A-215DF77BE7CB} = {5597FF47-0154-489D-8C49-C09E0B6CDC25}
		{1AD4684E-143B-45DE-9EDA-FF551B7D923C} = {13B9CA0C-12C1-4BA0-A4D2-6B98BFC3C8F5}
		{5719B905-6801-4B6E-850C-3D2A77981031} = {13B9CA0C-12C1-4BA0-A4D2-6B98BFC3C8F5}
		{D6B00FA1-BB7C-433E-BEB4-7545D2F1157C} = {0D788351-8AE5-45D3-98F5-50D401B662EC}
		{BCEFE436-7F30-44B0-AC8C-BFBB38CEE786} = {0D788351-8AE5-45D3-98F5-50D401B662EC}
		{B35CC0FD-DDC9-42D2-A31B-C121BE9600C8} = {13B9CA0C-12C1-4BA0-A4D2-6B98BFC3C8F5}
		{6603C316-6232-453C-8AF7-EE81427D8011} = {C0147ACB-106D-4F4B-B423-3217EB4F7C08}
		{22231F34-589C-415F-98AC-177A3F07C199} = {6603C316-6232-453C-8AF7-EE81427D8011}
		{5F11C720-612F-4331-AD50-DBB5B413A759} = {6603C316-6232-453C-8AF7-EE81427D8011}
		{9AB66556-37EF-4234-BB8E-6A6178D6195E} = {6603C316-6232-453C-8AF7-EE81427D8011}
		{1AD74AAB-66DB-4B1F-8E21-835F0DA1C5D8} = {6603C316-6232-453C-8AF7-EE81427D8011}
		{F3316A8F-CF3C-4BDC-8C4D-52B776002072} = {E3BE4CF0-C01E-4B38-902B-02EA40F0EBAD}
		{1B897FFC-31D2-4515-98F0-158B7462340C} = {0D788351-8AE5-45D3-98F5-50D401B662EC}
		{867FEE09-B3F9-4C95-9350-9E1D277550B0} = {0D788351-8AE5-45D3-98F5-50D401B662EC}
		{055B310E-FCAD-4317-AC89-6592B0A84D5E} = {0D788351-8AE5-45D3-98F5-50D401B662EC}
		{ED1AA25B-9DEB-487D-953E-F7AAA93FD198} = {33E8DD8C-F8F6-4EBC-A8B5-ED447FB6A8F2}
		{DB1BBB1B-2CE4-4BDC-8DBC-7BCCC9A51B5D} = {33E8DD8C-F8F6-4EBC-A8B5-ED447FB6A8F2}
		{F1B584A2-D8DE-4309-8C01-D3A8719DEEBA} = {C09DA0E0-C077-450C-ACA9-09B8897D8CCF}
		{47E721A3-D09D-4FEB-A89B-91356B9020E7} = {F1B584A2-D8DE-4309-8C01-D3A8719DEEBA}
		{1F61971F-7F4A-4EF2-BB8B-FAC0C731C666} = {C0147ACB-106D-4F4B-B423-3217EB4F7C08}
		{2B0527BC-8BF5-4E21-83AA-8D66082731B4} = {1F61971F-7F4A-4EF2-BB8B-FAC0C731C666}
		{3A730E01-D334-42C8-971A-BBDD4566AF59} = {1F61971F-7F4A-4EF2-BB8B-FAC0C731C666}
		{4A9C97D2-B8A2-4E1D-A3C6-1DF15FE2D490} = {1F61971F-7F4A-4EF2-BB8B-FAC0C731C666}
		{52B01117-FE22-421D-9C89-A3E60D969BA2} = {1F61971F-7F4A-4EF2-BB8B-FAC0C731C666}
		{55F9C60E-7502-4130-B8F3-6CD2877F2FCE} = {0D788351-8AE5-45D3-98F5-50D401B662EC}
		{E8A09E2B-1E6E-4632-BBB6-BB8D47378496} = {0F9B751E-2703-4D35-8B17-CD5770F73AE2}
		{A189FA8E-9DDB-4756-AB41-04B231151DCF} = {0D788351-8AE5-45D3-98F5-50D401B662EC}
		{C3AE4FC9-498B-4FC0-BBC6-252F47C25C5B} = {C09DA0E0-C077-450C-ACA9-09B8897D8CCF}
		{1F79ABB2-B140-4CF1-91FC-F6DD5785B74D} = {1B55C6DF-DCD8-4A51-93DE-DC3409C03028}
		{550F7DB8-682F-48AB-927E-5BDE19B5D145} = {0D788351-8AE5-45D3-98F5-50D401B662EC}
		{5B0C3995-C194-41CE-BD83-9EE268AC088C} = {0D788351-8AE5-45D3-98F5-50D401B662EC}
		{498209F8-2DA6-473F-9BAA-E9A6F2412455} = {0D788351-8AE5-45D3-98F5-50D401B662EC}
		{17A7DC0F-4387-4AE4-8118-7F4356F8C591} = {AFDE81A7-7F1E-459F-8AEE-EE5E538109A3}
		{7F6F9E5C-5F52-4039-A784-4AEDBE31F860} = {C3AE4FC9-498B-4FC0-BBC6-252F47C25C5B}
		{9EE463F8-F930-4875-9FD2-B86DD6A77075} = {0D788351-8AE5-45D3-98F5-50D401B662EC}
	EndGlobalSection
EndGlobal
