
Microsoft Visual Studio Solution File, Format Version 12.00
# Visual Studio Version 16
VisualStudioVersion = 16.0.31410.357
MinimumVisualStudioVersion = 10.0.40219.1
Project("{FAE04EC0-301F-11D3-BF4B-00C04F79EFBC}") = "DagAir.IngestionNode", "DagAir.IngestionNode\DagAir.IngestionNode.csproj", "{484695C1-BBFF-486A-9015-5288DC185116}"
EndProject
Project("{2150E333-8FDC-42A3-9474-1A3956D46DE8}") = "DagAir.IngestionNode", "DagAir.IngestionNode", "{5597FF47-0154-489D-8C49-C09E0B6CDC25}"
EndProject
Project("{2150E333-8FDC-42A3-9474-1A3956D46DE8}") = "DagAir.QueryNode", "DagAir.QueryNode", "{2B97F65A-61F7-4094-955B-4206B02B3A67}"
EndProject
Project("{FAE04EC0-301F-11D3-BF4B-00C04F79EFBC}") = "DagAir.Components.MassTransit.RabbitMq", "DagAir.Components.MassTransit.RabbitMq\DagAir.Components.MassTransit.RabbitMq.csproj", "{553A7478-4979-4397-835E-9055F6164218}"
EndProject
Project("{FAE04EC0-301F-11D3-BF4B-00C04F79EFBC}") = "DagAir.IngestionNode.Data", "DagAir.IngestionNode.Data\DagAir.IngestionNode.Data.csproj", "{400B7493-EC4D-4A34-BD08-237AC7E01041}"
EndProject
Project("{FAE04EC0-301F-11D3-BF4B-00C04F79EFBC}") = "DagAir.IngestionNode.Tests", "DagAir.IngestionNode.Tests\DagAir.IngestionNode.Tests.csproj", "{1CD76230-20BB-45FC-8F87-D7D2CB687FE1}"
EndProject
Project("{FAE04EC0-301F-11D3-BF4B-00C04F79EFBC}") = "DagAir.IngestionNode.Migrations", "DagAir.IngestionNode.Migrations\DagAir.IngestionNode.Migrations.csproj", "{878C68C1-092D-41E4-8D19-C1B3D8583273}"
EndProject
Project("{FAE04EC0-301F-11D3-BF4B-00C04F79EFBC}") = "DagAir.IngestionNode.Contracts", "DagAir.IngestionNode.Contracts\DagAir.IngestionNode.Contracts.csproj", "{49A721A2-EA4A-4F92-9CBD-8F2969F3866E}"
EndProject
Project("{FAE04EC0-301F-11D3-BF4B-00C04F79EFBC}") = "DagAir.IngestionNode.Infrastructure", "DagAir.IngestionNode.Infrastructure\DagAir.IngestionNode.Infrastructure.csproj", "{604DF359-A7D8-4085-B7EE-34E09C411F4D}"
EndProject
Project("{FAE04EC0-301F-11D3-BF4B-00C04F79EFBC}") = "DagAir.QueryNode.Data", "DagAir.QueryNode.Data\DagAir.QueryNode.Data.csproj", "{05C6945F-75A8-4252-8A29-D6B3EE6925B8}"
EndProject
Project("{FAE04EC0-301F-11D3-BF4B-00C04F79EFBC}") = "DagAir.QueryNode.Data.Migrations", "DagAir.QueryNode.Data.Migrations\DagAir.QueryNode.Data.Migrations.csproj", "{7E60706C-4F33-4BEF-B2B3-F32B6B6C4B10}"
EndProject
Project("{2150E333-8FDC-42A3-9474-1A3956D46DE8}") = "Tests", "Tests", "{0D788351-8AE5-45D3-98F5-50D401B662EC}"
EndProject
Project("{FAE04EC0-301F-11D3-BF4B-00C04F79EFBC}") = "DagAir.PolicyNode", "DagAir.PolicyNode\DagAir.PolicyNode.csproj", "{CD03963C-7306-446F-A8C4-2F039A331B91}"
EndProject
Project("{FAE04EC0-301F-11D3-BF4B-00C04F79EFBC}") = "DagAir.PolicyNode.Data", "DagAir.PolicyNode.Data\DagAir.PolicyNode.Data.csproj", "{859082D1-A563-4206-A249-E3260094AC32}"
EndProject
Project("{FAE04EC0-301F-11D3-BF4B-00C04F79EFBC}") = "DagAir.PolicyNode.Contracts", "DagAir.PolicyNode.Contracts\DagAir.PolicyNode.Contracts.csproj", "{C1D660C9-77C2-4DB8-AC81-0B2ADE57905B}"
EndProject
Project("{2150E333-8FDC-42A3-9474-1A3956D46DE8}") = "DagAir.PolicyNode", "DagAir.PolicyNode", "{13B9CA0C-12C1-4BA0-A4D2-6B98BFC3C8F5}"
EndProject
Project("{FAE04EC0-301F-11D3-BF4B-00C04F79EFBC}") = "DagAir.PolicyNode.Data.Migrations", "DagAir.PolicyNode.Data.Migrations\DagAir.PolicyNode.Data.Migrations.csproj", "{402F7C27-6030-4E25-877A-BE6A94BF4EDB}"
EndProject
Project("{FAE04EC0-301F-11D3-BF4B-00C04F79EFBC}") = "DagAir.PolicyNode.Infrastructure", "DagAir.PolicyNode.Infrastructure\DagAir.PolicyNode.Infrastructure.csproj", "{DB68E75C-6D27-495F-8116-9A0D97F06AD3}"
EndProject
Project("{FAE04EC0-301F-11D3-BF4B-00C04F79EFBC}") = "DagAir.Components.Healthchecks", "DagAir.Components.Healthchecks\DagAir.Components.Healthchecks.csproj", "{A52BA1A0-83F2-48E9-9775-500E2DCCC7F7}"
EndProject
Project("{FAE04EC0-301F-11D3-BF4B-00C04F79EFBC}") = "DagAir.QueryNode", "DagAir.QueryNode\DagAir.QueryNode.csproj", "{02301822-8977-41A0-B2A1-71053DFC7BE0}"
EndProject
Project("{FAE04EC0-301F-11D3-BF4B-00C04F79EFBC}") = "DagAir.Components.Logging", "DagAir.Components.Logging\DagAir.Components.Logging.csproj", "{E9EF7FA3-F8C9-4688-B7A1-59547C4D1EB4}"
EndProject
Project("{FAE04EC0-301F-11D3-BF4B-00C04F79EFBC}") = "DagAir.Components.ApiModels", "DagAir.Components.ApiModels\DagAir.Components.ApiModels.csproj", "{1A35EDB3-CDE3-4922-9FED-560325F1AE26}"
EndProject
Project("{FAE04EC0-301F-11D3-BF4B-00C04F79EFBC}") = "DagAir.PolicyNode.Tests", "DagAir.PolicyNode.Tests\DagAir.PolicyNode.Tests.csproj", "{0B49ADFB-15FE-47E0-AAE0-698EC9F38923}"
EndProject
Project("{2150E333-8FDC-42A3-9474-1A3956D46DE8}") = "DagAir.Components", "DagAir.Components", "{1B55C6DF-DCD8-4A51-93DE-DC3409C03028}"
EndProject
Project("{FAE04EC0-301F-11D3-BF4B-00C04F79EFBC}") = "DagAir.Sensors", "DagAir.Sensors\DagAir.Sensors.csproj", "{1DE0631D-AD3D-4ADB-9742-899F685F3DC7}"
EndProject
Project("{FAE04EC0-301F-11D3-BF4B-00C04F79EFBC}") = "DagAir.Sensors.Data", "DagAir.Sensors.Data\DagAir.Sensors.Data.csproj", "{440D2D12-FD7D-414A-9977-0FECC35C4EC0}"
EndProject
Project("{FAE04EC0-301F-11D3-BF4B-00C04F79EFBC}") = "DagAir.Sensors.Data.Migrations", "DagAir.Sensors.Data.Migrations\DagAir.Sensors.Data.Migrations.csproj", "{800F7EB3-0B46-4692-92B0-64C9DE25BB5E}"
EndProject
Global
	GlobalSection(SolutionConfigurationPlatforms) = preSolution
		Debug|Any CPU = Debug|Any CPU
		Release|Any CPU = Release|Any CPU
	EndGlobalSection
	GlobalSection(ProjectConfigurationPlatforms) = postSolution
		{484695C1-BBFF-486A-9015-5288DC185116}.Debug|Any CPU.ActiveCfg = Debug|Any CPU
		{484695C1-BBFF-486A-9015-5288DC185116}.Debug|Any CPU.Build.0 = Debug|Any CPU
		{484695C1-BBFF-486A-9015-5288DC185116}.Release|Any CPU.ActiveCfg = Release|Any CPU
		{484695C1-BBFF-486A-9015-5288DC185116}.Release|Any CPU.Build.0 = Release|Any CPU
		{553A7478-4979-4397-835E-9055F6164218}.Debug|Any CPU.ActiveCfg = Debug|Any CPU
		{553A7478-4979-4397-835E-9055F6164218}.Debug|Any CPU.Build.0 = Debug|Any CPU
		{553A7478-4979-4397-835E-9055F6164218}.Release|Any CPU.ActiveCfg = Release|Any CPU
		{553A7478-4979-4397-835E-9055F6164218}.Release|Any CPU.Build.0 = Release|Any CPU
		{400B7493-EC4D-4A34-BD08-237AC7E01041}.Debug|Any CPU.ActiveCfg = Debug|Any CPU
		{400B7493-EC4D-4A34-BD08-237AC7E01041}.Debug|Any CPU.Build.0 = Debug|Any CPU
		{400B7493-EC4D-4A34-BD08-237AC7E01041}.Release|Any CPU.ActiveCfg = Release|Any CPU
		{400B7493-EC4D-4A34-BD08-237AC7E01041}.Release|Any CPU.Build.0 = Release|Any CPU
		{1CD76230-20BB-45FC-8F87-D7D2CB687FE1}.Debug|Any CPU.ActiveCfg = Debug|Any CPU
		{1CD76230-20BB-45FC-8F87-D7D2CB687FE1}.Debug|Any CPU.Build.0 = Debug|Any CPU
		{1CD76230-20BB-45FC-8F87-D7D2CB687FE1}.Release|Any CPU.ActiveCfg = Release|Any CPU
		{1CD76230-20BB-45FC-8F87-D7D2CB687FE1}.Release|Any CPU.Build.0 = Release|Any CPU
		{878C68C1-092D-41E4-8D19-C1B3D8583273}.Debug|Any CPU.ActiveCfg = Debug|Any CPU
		{878C68C1-092D-41E4-8D19-C1B3D8583273}.Debug|Any CPU.Build.0 = Debug|Any CPU
		{878C68C1-092D-41E4-8D19-C1B3D8583273}.Release|Any CPU.ActiveCfg = Release|Any CPU
		{878C68C1-092D-41E4-8D19-C1B3D8583273}.Release|Any CPU.Build.0 = Release|Any CPU
		{49A721A2-EA4A-4F92-9CBD-8F2969F3866E}.Debug|Any CPU.ActiveCfg = Debug|Any CPU
		{49A721A2-EA4A-4F92-9CBD-8F2969F3866E}.Debug|Any CPU.Build.0 = Debug|Any CPU
		{49A721A2-EA4A-4F92-9CBD-8F2969F3866E}.Release|Any CPU.ActiveCfg = Release|Any CPU
		{49A721A2-EA4A-4F92-9CBD-8F2969F3866E}.Release|Any CPU.Build.0 = Release|Any CPU
		{604DF359-A7D8-4085-B7EE-34E09C411F4D}.Debug|Any CPU.ActiveCfg = Debug|Any CPU
		{604DF359-A7D8-4085-B7EE-34E09C411F4D}.Debug|Any CPU.Build.0 = Debug|Any CPU
		{604DF359-A7D8-4085-B7EE-34E09C411F4D}.Release|Any CPU.ActiveCfg = Release|Any CPU
		{604DF359-A7D8-4085-B7EE-34E09C411F4D}.Release|Any CPU.Build.0 = Release|Any CPU
		{05C6945F-75A8-4252-8A29-D6B3EE6925B8}.Debug|Any CPU.ActiveCfg = Debug|Any CPU
		{05C6945F-75A8-4252-8A29-D6B3EE6925B8}.Debug|Any CPU.Build.0 = Debug|Any CPU
		{05C6945F-75A8-4252-8A29-D6B3EE6925B8}.Release|Any CPU.ActiveCfg = Release|Any CPU
		{05C6945F-75A8-4252-8A29-D6B3EE6925B8}.Release|Any CPU.Build.0 = Release|Any CPU
		{7E60706C-4F33-4BEF-B2B3-F32B6B6C4B10}.Debug|Any CPU.ActiveCfg = Debug|Any CPU
		{7E60706C-4F33-4BEF-B2B3-F32B6B6C4B10}.Debug|Any CPU.Build.0 = Debug|Any CPU
		{7E60706C-4F33-4BEF-B2B3-F32B6B6C4B10}.Release|Any CPU.ActiveCfg = Release|Any CPU
		{7E60706C-4F33-4BEF-B2B3-F32B6B6C4B10}.Release|Any CPU.Build.0 = Release|Any CPU
		{CD03963C-7306-446F-A8C4-2F039A331B91}.Debug|Any CPU.ActiveCfg = Debug|Any CPU
		{CD03963C-7306-446F-A8C4-2F039A331B91}.Debug|Any CPU.Build.0 = Debug|Any CPU
		{CD03963C-7306-446F-A8C4-2F039A331B91}.Release|Any CPU.ActiveCfg = Release|Any CPU
		{CD03963C-7306-446F-A8C4-2F039A331B91}.Release|Any CPU.Build.0 = Release|Any CPU
		{859082D1-A563-4206-A249-E3260094AC32}.Debug|Any CPU.ActiveCfg = Debug|Any CPU
		{859082D1-A563-4206-A249-E3260094AC32}.Debug|Any CPU.Build.0 = Debug|Any CPU
		{859082D1-A563-4206-A249-E3260094AC32}.Release|Any CPU.ActiveCfg = Release|Any CPU
		{859082D1-A563-4206-A249-E3260094AC32}.Release|Any CPU.Build.0 = Release|Any CPU
		{C1D660C9-77C2-4DB8-AC81-0B2ADE57905B}.Debug|Any CPU.ActiveCfg = Debug|Any CPU
		{C1D660C9-77C2-4DB8-AC81-0B2ADE57905B}.Debug|Any CPU.Build.0 = Debug|Any CPU
		{C1D660C9-77C2-4DB8-AC81-0B2ADE57905B}.Release|Any CPU.ActiveCfg = Release|Any CPU
		{C1D660C9-77C2-4DB8-AC81-0B2ADE57905B}.Release|Any CPU.Build.0 = Release|Any CPU
		{402F7C27-6030-4E25-877A-BE6A94BF4EDB}.Debug|Any CPU.ActiveCfg = Debug|Any CPU
		{402F7C27-6030-4E25-877A-BE6A94BF4EDB}.Debug|Any CPU.Build.0 = Debug|Any CPU
		{402F7C27-6030-4E25-877A-BE6A94BF4EDB}.Release|Any CPU.ActiveCfg = Release|Any CPU
		{402F7C27-6030-4E25-877A-BE6A94BF4EDB}.Release|Any CPU.Build.0 = Release|Any CPU
		{DB68E75C-6D27-495F-8116-9A0D97F06AD3}.Debug|Any CPU.ActiveCfg = Debug|Any CPU
		{DB68E75C-6D27-495F-8116-9A0D97F06AD3}.Debug|Any CPU.Build.0 = Debug|Any CPU
		{DB68E75C-6D27-495F-8116-9A0D97F06AD3}.Release|Any CPU.ActiveCfg = Release|Any CPU
		{DB68E75C-6D27-495F-8116-9A0D97F06AD3}.Release|Any CPU.Build.0 = Release|Any CPU
		{A52BA1A0-83F2-48E9-9775-500E2DCCC7F7}.Debug|Any CPU.ActiveCfg = Debug|Any CPU
		{A52BA1A0-83F2-48E9-9775-500E2DCCC7F7}.Debug|Any CPU.Build.0 = Debug|Any CPU
		{A52BA1A0-83F2-48E9-9775-500E2DCCC7F7}.Release|Any CPU.ActiveCfg = Release|Any CPU
		{A52BA1A0-83F2-48E9-9775-500E2DCCC7F7}.Release|Any CPU.Build.0 = Release|Any CPU
		{02301822-8977-41A0-B2A1-71053DFC7BE0}.Debug|Any CPU.ActiveCfg = Debug|Any CPU
		{02301822-8977-41A0-B2A1-71053DFC7BE0}.Debug|Any CPU.Build.0 = Debug|Any CPU
		{02301822-8977-41A0-B2A1-71053DFC7BE0}.Release|Any CPU.ActiveCfg = Release|Any CPU
		{02301822-8977-41A0-B2A1-71053DFC7BE0}.Release|Any CPU.Build.0 = Release|Any CPU
		{E9EF7FA3-F8C9-4688-B7A1-59547C4D1EB4}.Debug|Any CPU.ActiveCfg = Debug|Any CPU
		{E9EF7FA3-F8C9-4688-B7A1-59547C4D1EB4}.Debug|Any CPU.Build.0 = Debug|Any CPU
		{E9EF7FA3-F8C9-4688-B7A1-59547C4D1EB4}.Release|Any CPU.ActiveCfg = Release|Any CPU
		{E9EF7FA3-F8C9-4688-B7A1-59547C4D1EB4}.Release|Any CPU.Build.0 = Release|Any CPU
		{1A35EDB3-CDE3-4922-9FED-560325F1AE26}.Debug|Any CPU.ActiveCfg = Debug|Any CPU
		{1A35EDB3-CDE3-4922-9FED-560325F1AE26}.Debug|Any CPU.Build.0 = Debug|Any CPU
		{1A35EDB3-CDE3-4922-9FED-560325F1AE26}.Release|Any CPU.ActiveCfg = Release|Any CPU
		{1A35EDB3-CDE3-4922-9FED-560325F1AE26}.Release|Any CPU.Build.0 = Release|Any CPU
		{0B49ADFB-15FE-47E0-AAE0-698EC9F38923}.Debug|Any CPU.ActiveCfg = Debug|Any CPU
		{0B49ADFB-15FE-47E0-AAE0-698EC9F38923}.Debug|Any CPU.Build.0 = Debug|Any CPU
		{0B49ADFB-15FE-47E0-AAE0-698EC9F38923}.Release|Any CPU.ActiveCfg = Release|Any CPU
		{0B49ADFB-15FE-47E0-AAE0-698EC9F38923}.Release|Any CPU.Build.0 = Release|Any CPU
		{1DE0631D-AD3D-4ADB-9742-899F685F3DC7}.Debug|Any CPU.ActiveCfg = Debug|Any CPU
		{1DE0631D-AD3D-4ADB-9742-899F685F3DC7}.Debug|Any CPU.Build.0 = Debug|Any CPU
		{1DE0631D-AD3D-4ADB-9742-899F685F3DC7}.Release|Any CPU.ActiveCfg = Release|Any CPU
		{1DE0631D-AD3D-4ADB-9742-899F685F3DC7}.Release|Any CPU.Build.0 = Release|Any CPU
		{440D2D12-FD7D-414A-9977-0FECC35C4EC0}.Debug|Any CPU.ActiveCfg = Debug|Any CPU
		{440D2D12-FD7D-414A-9977-0FECC35C4EC0}.Debug|Any CPU.Build.0 = Debug|Any CPU
		{440D2D12-FD7D-414A-9977-0FECC35C4EC0}.Release|Any CPU.ActiveCfg = Release|Any CPU
		{440D2D12-FD7D-414A-9977-0FECC35C4EC0}.Release|Any CPU.Build.0 = Release|Any CPU
		{800F7EB3-0B46-4692-92B0-64C9DE25BB5E}.Debug|Any CPU.ActiveCfg = Debug|Any CPU
		{800F7EB3-0B46-4692-92B0-64C9DE25BB5E}.Debug|Any CPU.Build.0 = Debug|Any CPU
		{800F7EB3-0B46-4692-92B0-64C9DE25BB5E}.Release|Any CPU.ActiveCfg = Release|Any CPU
		{800F7EB3-0B46-4692-92B0-64C9DE25BB5E}.Release|Any CPU.Build.0 = Release|Any CPU
	EndGlobalSection
	GlobalSection(SolutionProperties) = preSolution
		HideSolutionNode = FALSE
	EndGlobalSection
	GlobalSection(ExtensibilityGlobals) = postSolution
		SolutionGuid = {C0972BFD-5DD2-40ED-8A1F-17B6F518B3C7}
	EndGlobalSection
	GlobalSection(NestedProjects) = preSolution
		{400B7493-EC4D-4A34-BD08-237AC7E01041} = {5597FF47-0154-489D-8C49-C09E0B6CDC25}
		{878C68C1-092D-41E4-8D19-C1B3D8583273} = {5597FF47-0154-489D-8C49-C09E0B6CDC25}
		{49A721A2-EA4A-4F92-9CBD-8F2969F3866E} = {5597FF47-0154-489D-8C49-C09E0B6CDC25}
		{484695C1-BBFF-486A-9015-5288DC185116} = {5597FF47-0154-489D-8C49-C09E0B6CDC25}
		{604DF359-A7D8-4085-B7EE-34E09C411F4D} = {5597FF47-0154-489D-8C49-C09E0B6CDC25}
		{05C6945F-75A8-4252-8A29-D6B3EE6925B8} = {2B97F65A-61F7-4094-955B-4206B02B3A67}
		{7E60706C-4F33-4BEF-B2B3-F32B6B6C4B10} = {2B97F65A-61F7-4094-955B-4206B02B3A67}
		{1CD76230-20BB-45FC-8F87-D7D2CB687FE1} = {0D788351-8AE5-45D3-98F5-50D401B662EC}
		{CD03963C-7306-446F-A8C4-2F039A331B91} = {13B9CA0C-12C1-4BA0-A4D2-6B98BFC3C8F5}
		{C1D660C9-77C2-4DB8-AC81-0B2ADE57905B} = {13B9CA0C-12C1-4BA0-A4D2-6B98BFC3C8F5}
		{859082D1-A563-4206-A249-E3260094AC32} = {13B9CA0C-12C1-4BA0-A4D2-6B98BFC3C8F5}
		{402F7C27-6030-4E25-877A-BE6A94BF4EDB} = {13B9CA0C-12C1-4BA0-A4D2-6B98BFC3C8F5}
		{DB68E75C-6D27-495F-8116-9A0D97F06AD3} = {13B9CA0C-12C1-4BA0-A4D2-6B98BFC3C8F5}
		{02301822-8977-41A0-B2A1-71053DFC7BE0} = {2B97F65A-61F7-4094-955B-4206B02B3A67}
		{0B49ADFB-15FE-47E0-AAE0-698EC9F38923} = {0D788351-8AE5-45D3-98F5-50D401B662EC}
		{1A35EDB3-CDE3-4922-9FED-560325F1AE26} = {1B55C6DF-DCD8-4A51-93DE-DC3409C03028}
		{A52BA1A0-83F2-48E9-9775-500E2DCCC7F7} = {1B55C6DF-DCD8-4A51-93DE-DC3409C03028}
		{E9EF7FA3-F8C9-4688-B7A1-59547C4D1EB4} = {1B55C6DF-DCD8-4A51-93DE-DC3409C03028}
		{553A7478-4979-4397-835E-9055F6164218} = {1B55C6DF-DCD8-4A51-93DE-DC3409C03028}
	EndGlobalSection
EndGlobal
