
Microsoft Visual Studio Solution File, Format Version 12.00
# Visual Studio Version 16
VisualStudioVersion = 16.0.30114.105
MinimumVisualStudioVersion = 10.0.40219.1
Project("{FAE04EC0-301F-11D3-BF4B-00C04F79EFBC}") = "Publisher", "Publisher\Publisher.csproj", "{251C3565-B77F-41D3-903B-A20C5E151486}"
EndProject
Project("{FAE04EC0-301F-11D3-BF4B-00C04F79EFBC}") = "Subscriber", "Subscriber\Subscriber.csproj", "{C7467562-B497-4330-AE31-57944E176B1D}"
EndProject
Global
	GlobalSection(SolutionConfigurationPlatforms) = preSolution
		Debug|Any CPU = Debug|Any CPU
		Debug|x64 = Debug|x64
		Debug|x86 = Debug|x86
		Release|Any CPU = Release|Any CPU
		Release|x64 = Release|x64
		Release|x86 = Release|x86
	EndGlobalSection
	GlobalSection(SolutionProperties) = preSolution
		HideSolutionNode = FALSE
	EndGlobalSection
	GlobalSection(ProjectConfigurationPlatforms) = postSolution
		{251C3565-B77F-41D3-903B-A20C5E151486}.Debug|Any CPU.ActiveCfg = Debug|Any CPU
		{251C3565-B77F-41D3-903B-A20C5E151486}.Debug|Any CPU.Build.0 = Debug|Any CPU
		{251C3565-B77F-41D3-903B-A20C5E151486}.Debug|x64.ActiveCfg = Debug|Any CPU
		{251C3565-B77F-41D3-903B-A20C5E151486}.Debug|x64.Build.0 = Debug|Any CPU
		{251C3565-B77F-41D3-903B-A20C5E151486}.Debug|x86.ActiveCfg = Debug|Any CPU
		{251C3565-B77F-41D3-903B-A20C5E151486}.Debug|x86.Build.0 = Debug|Any CPU
		{251C3565-B77F-41D3-903B-A20C5E151486}.Release|Any CPU.ActiveCfg = Release|Any CPU
		{251C3565-B77F-41D3-903B-A20C5E151486}.Release|Any CPU.Build.0 = Release|Any CPU
		{251C3565-B77F-41D3-903B-A20C5E151486}.Release|x64.ActiveCfg = Release|Any CPU
		{251C3565-B77F-41D3-903B-A20C5E151486}.Release|x64.Build.0 = Release|Any CPU
		{251C3565-B77F-41D3-903B-A20C5E151486}.Release|x86.ActiveCfg = Release|Any CPU
		{251C3565-B77F-41D3-903B-A20C5E151486}.Release|x86.Build.0 = Release|Any CPU
		{C7467562-B497-4330-AE31-57944E176B1D}.Debug|Any CPU.ActiveCfg = Debug|Any CPU
		{C7467562-B497-4330-AE31-57944E176B1D}.Debug|Any CPU.Build.0 = Debug|Any CPU
		{C7467562-B497-4330-AE31-57944E176B1D}.Debug|x64.ActiveCfg = Debug|Any CPU
		{C7467562-B497-4330-AE31-57944E176B1D}.Debug|x64.Build.0 = Debug|Any CPU
		{C7467562-B497-4330-AE31-57944E176B1D}.Debug|x86.ActiveCfg = Debug|Any CPU
		{C7467562-B497-4330-AE31-57944E176B1D}.Debug|x86.Build.0 = Debug|Any CPU
		{C7467562-B497-4330-AE31-57944E176B1D}.Release|Any CPU.ActiveCfg = Release|Any CPU
		{C7467562-B497-4330-AE31-57944E176B1D}.Release|Any CPU.Build.0 = Release|Any CPU
		{C7467562-B497-4330-AE31-57944E176B1D}.Release|x64.ActiveCfg = Release|Any CPU
		{C7467562-B497-4330-AE31-57944E176B1D}.Release|x64.Build.0 = Release|Any CPU
		{C7467562-B497-4330-AE31-57944E176B1D}.Release|x86.ActiveCfg = Release|Any CPU
		{C7467562-B497-4330-AE31-57944E176B1D}.Release|x86.Build.0 = Release|Any CPU
	EndGlobalSection
EndGlobal
